
Microsoft Visual Studio Solution File, Format Version 12.00
# Visual Studio Version 17
VisualStudioVersion = 17.0.31903.59
MinimumVisualStudioVersion = 10.0.40219.1
Project("{FAE04EC0-301F-11D3-BF4B-00C04F79EFBC}") = "TodoAPI.Domain", "TodoAPI.Domain\TodoAPI.Domain.csproj", "{83DF1844-0F6C-4B2E-AAE9-8A2225356D8B}"
EndProject
Project("{FAE04EC0-301F-11D3-BF4B-00C04F79EFBC}") = "TodoAPI.Application", "TodoAPI.Application\TodoAPI.Application.csproj", "{5EF49503-2AF8-456F-B4F6-1874AD9EF247}"
EndProject
Project("{FAE04EC0-301F-11D3-BF4B-00C04F79EFBC}") = "TodoAPI.Infrastructure", "TodoAPI.Infrastructure\TodoAPI.Infrastructure.csproj", "{85667FAD-09DA-423F-A81B-8CB8F55FD697}"
EndProject
Project("{FAE04EC0-301F-11D3-BF4B-00C04F79EFBC}") = "TodoAPI.API", "TodoAPI.API\TodoAPI.API.csproj", "{333DA26A-70E4-4788-A66D-E90DFA156A23}"
EndProject
Project("{FAE04EC0-301F-11D3-BF4B-00C04F79EFBC}") = "TodoAPI.Domain.Tests", "TodoAPI.Domain.Tests\TodoAPI.Domain.Tests.csproj", "{D245DCDD-2523-469D-864F-D176AC42C676}"
EndProject
Project("{FAE04EC0-301F-11D3-BF4B-00C04F79EFBC}") = "TodoAPI.Application.Tests", "TodoAPI.Application.Tests\TodoAPI.Application.Tests.csproj", "{E23ED255-AFD2-43D2-9ADD-58DA9781C781}"
EndProject
Project("{FAE04EC0-301F-11D3-BF4B-00C04F79EFBC}") = "TodoAPI.Infrastructure.Tests", "TodoAPI.Infrastructure.Tests\TodoAPI.Infrastructure.Tests.csproj", "{FBA7D9C1-D657-48DE-A899-335FE46B0129}"
EndProject
Project("{FAE04EC0-301F-11D3-BF4B-00C04F79EFBC}") = "TodoAPI.API.Tests", "TodoAPI.API.Tests\TodoAPI.API.Tests.csproj", "{63640117-56C4-471F-9A12-1EA3D0574ECC}"
EndProject
Project("{FAE04EC0-301F-11D3-BF4B-00C04F79EFBC}") = "TodoAPI.Tests.Integration", "TodoAPI.Tests.Integration\TodoAPI.Tests.Integration.csproj", "{433AE22E-B5F2-44DD-8F96-3A7A3A21CCC3}"
EndProject
Project("{FAE04EC0-301F-11D3-BF4B-00C04F79EFBC}") = "TodoAPI.Tests.E2E", "TodoAPI.Tests.E2E\TodoAPI.Tests.E2E.csproj", "{1F3587D6-2E29-4C24-8BBB-3647E81FFBCD}"
EndProject
Global
	GlobalSection(SolutionConfigurationPlatforms) = preSolution
		Debug|Any CPU = Debug|Any CPU
		Debug|x64 = Debug|x64
		Debug|x86 = Debug|x86
		Release|Any CPU = Release|Any CPU
		Release|x64 = Release|x64
		Release|x86 = Release|x86
	EndGlobalSection
	GlobalSection(ProjectConfigurationPlatforms) = postSolution
		{83DF1844-0F6C-4B2E-AAE9-8A2225356D8B}.Debug|Any CPU.ActiveCfg = Debug|Any CPU
		{83DF1844-0F6C-4B2E-AAE9-8A2225356D8B}.Debug|Any CPU.Build.0 = Debug|Any CPU
		{83DF1844-0F6C-4B2E-AAE9-8A2225356D8B}.Debug|x64.ActiveCfg = Debug|Any CPU
		{83DF1844-0F6C-4B2E-AAE9-8A2225356D8B}.Debug|x64.Build.0 = Debug|Any CPU
		{83DF1844-0F6C-4B2E-AAE9-8A2225356D8B}.Debug|x86.ActiveCfg = Debug|Any CPU
		{83DF1844-0F6C-4B2E-AAE9-8A2225356D8B}.Debug|x86.Build.0 = Debug|Any CPU
		{83DF1844-0F6C-4B2E-AAE9-8A2225356D8B}.Release|Any CPU.ActiveCfg = Release|Any CPU
		{83DF1844-0F6C-4B2E-AAE9-8A2225356D8B}.Release|Any CPU.Build.0 = Release|Any CPU
		{83DF1844-0F6C-4B2E-AAE9-8A2225356D8B}.Release|x64.ActiveCfg = Release|Any CPU
		{83DF1844-0F6C-4B2E-AAE9-8A2225356D8B}.Release|x64.Build.0 = Release|Any CPU
		{83DF1844-0F6C-4B2E-AAE9-8A2225356D8B}.Release|x86.ActiveCfg = Release|Any CPU
		{83DF1844-0F6C-4B2E-AAE9-8A2225356D8B}.Release|x86.Build.0 = Release|Any CPU
		{5EF49503-2AF8-456F-B4F6-1874AD9EF247}.Debug|Any CPU.ActiveCfg = Debug|Any CPU
		{5EF49503-2AF8-456F-B4F6-1874AD9EF247}.Debug|Any CPU.Build.0 = Debug|Any CPU
		{5EF49503-2AF8-456F-B4F6-1874AD9EF247}.Debug|x64.ActiveCfg = Debug|Any CPU
		{5EF49503-2AF8-456F-B4F6-1874AD9EF247}.Debug|x64.Build.0 = Debug|Any CPU
		{5EF49503-2AF8-456F-B4F6-1874AD9EF247}.Debug|x86.ActiveCfg = Debug|Any CPU
		{5EF49503-2AF8-456F-B4F6-1874AD9EF247}.Debug|x86.Build.0 = Debug|Any CPU
		{5EF49503-2AF8-456F-B4F6-1874AD9EF247}.Release|Any CPU.ActiveCfg = Release|Any CPU
		{5EF49503-2AF8-456F-B4F6-1874AD9EF247}.Release|Any CPU.Build.0 = Release|Any CPU
		{5EF49503-2AF8-456F-B4F6-1874AD9EF247}.Release|x64.ActiveCfg = Release|Any CPU
		{5EF49503-2AF8-456F-B4F6-1874AD9EF247}.Release|x64.Build.0 = Release|Any CPU
		{5EF49503-2AF8-456F-B4F6-1874AD9EF247}.Release|x86.ActiveCfg = Release|Any CPU
		{5EF49503-2AF8-456F-B4F6-1874AD9EF247}.Release|x86.Build.0 = Release|Any CPU
		{85667FAD-09DA-423F-A81B-8CB8F55FD697}.Debug|Any CPU.ActiveCfg = Debug|Any CPU
		{85667FAD-09DA-423F-A81B-8CB8F55FD697}.Debug|Any CPU.Build.0 = Debug|Any CPU
		{85667FAD-09DA-423F-A81B-8CB8F55FD697}.Debug|x64.ActiveCfg = Debug|Any CPU
		{85667FAD-09DA-423F-A81B-8CB8F55FD697}.Debug|x64.Build.0 = Debug|Any CPU
		{85667FAD-09DA-423F-A81B-8CB8F55FD697}.Debug|x86.ActiveCfg = Debug|Any CPU
		{85667FAD-09DA-423F-A81B-8CB8F55FD697}.Debug|x86.Build.0 = Debug|Any CPU
		{85667FAD-09DA-423F-A81B-8CB8F55FD697}.Release|Any CPU.ActiveCfg = Release|Any CPU
		{85667FAD-09DA-423F-A81B-8CB8F55FD697}.Release|Any CPU.Build.0 = Release|Any CPU
		{85667FAD-09DA-423F-A81B-8CB8F55FD697}.Release|x64.ActiveCfg = Release|Any CPU
		{85667FAD-09DA-423F-A81B-8CB8F55FD697}.Release|x64.Build.0 = Release|Any CPU
		{85667FAD-09DA-423F-A81B-8CB8F55FD697}.Release|x86.ActiveCfg = Release|Any CPU
		{85667FAD-09DA-423F-A81B-8CB8F55FD697}.Release|x86.Build.0 = Release|Any CPU
		{333DA26A-70E4-4788-A66D-E90DFA156A23}.Debug|Any CPU.ActiveCfg = Debug|Any CPU
		{333DA26A-70E4-4788-A66D-E90DFA156A23}.Debug|Any CPU.Build.0 = Debug|Any CPU
		{333DA26A-70E4-4788-A66D-E90DFA156A23}.Debug|x64.ActiveCfg = Debug|Any CPU
		{333DA26A-70E4-4788-A66D-E90DFA156A23}.Debug|x64.Build.0 = Debug|Any CPU
		{333DA26A-70E4-4788-A66D-E90DFA156A23}.Debug|x86.ActiveCfg = Debug|Any CPU
		{333DA26A-70E4-4788-A66D-E90DFA156A23}.Debug|x86.Build.0 = Debug|Any CPU
		{333DA26A-70E4-4788-A66D-E90DFA156A23}.Release|Any CPU.ActiveCfg = Release|Any CPU
		{333DA26A-70E4-4788-A66D-E90DFA156A23}.Release|Any CPU.Build.0 = Release|Any CPU
		{333DA26A-70E4-4788-A66D-E90DFA156A23}.Release|x64.ActiveCfg = Release|Any CPU
		{333DA26A-70E4-4788-A66D-E90DFA156A23}.Release|x64.Build.0 = Release|Any CPU
		{333DA26A-70E4-4788-A66D-E90DFA156A23}.Release|x86.ActiveCfg = Release|Any CPU
		{333DA26A-70E4-4788-A66D-E90DFA156A23}.Release|x86.Build.0 = Release|Any CPU
		{D245DCDD-2523-469D-864F-D176AC42C676}.Debug|Any CPU.ActiveCfg = Debug|Any CPU
		{D245DCDD-2523-469D-864F-D176AC42C676}.Debug|Any CPU.Build.0 = Debug|Any CPU
		{D245DCDD-2523-469D-864F-D176AC42C676}.Debug|x64.ActiveCfg = Debug|Any CPU
		{D245DCDD-2523-469D-864F-D176AC42C676}.Debug|x64.Build.0 = Debug|Any CPU
		{D245DCDD-2523-469D-864F-D176AC42C676}.Debug|x86.ActiveCfg = Debug|Any CPU
		{D245DCDD-2523-469D-864F-D176AC42C676}.Debug|x86.Build.0 = Debug|Any CPU
		{D245DCDD-2523-469D-864F-D176AC42C676}.Release|Any CPU.ActiveCfg = Release|Any CPU
		{D245DCDD-2523-469D-864F-D176AC42C676}.Release|Any CPU.Build.0 = Release|Any CPU
		{D245DCDD-2523-469D-864F-D176AC42C676}.Release|x64.ActiveCfg = Release|Any CPU
		{D245DCDD-2523-469D-864F-D176AC42C676}.Release|x64.Build.0 = Release|Any CPU
		{D245DCDD-2523-469D-864F-D176AC42C676}.Release|x86.ActiveCfg = Release|Any CPU
		{D245DCDD-2523-469D-864F-D176AC42C676}.Release|x86.Build.0 = Release|Any CPU
		{E23ED255-AFD2-43D2-9ADD-58DA9781C781}.Debug|Any CPU.ActiveCfg = Debug|Any CPU
		{E23ED255-AFD2-43D2-9ADD-58DA9781C781}.Debug|Any CPU.Build.0 = Debug|Any CPU
		{E23ED255-AFD2-43D2-9ADD-58DA9781C781}.Debug|x64.ActiveCfg = Debug|Any CPU
		{E23ED255-AFD2-43D2-9ADD-58DA9781C781}.Debug|x64.Build.0 = Debug|Any CPU
		{E23ED255-AFD2-43D2-9ADD-58DA9781C781}.Debug|x86.ActiveCfg = Debug|Any CPU
		{E23ED255-AFD2-43D2-9ADD-58DA9781C781}.Debug|x86.Build.0 = Debug|Any CPU
		{E23ED255-AFD2-43D2-9ADD-58DA9781C781}.Release|Any CPU.ActiveCfg = Release|Any CPU
		{E23ED255-AFD2-43D2-9ADD-58DA9781C781}.Release|Any CPU.Build.0 = Release|Any CPU
		{E23ED255-AFD2-43D2-9ADD-58DA9781C781}.Release|x64.ActiveCfg = Release|Any CPU
		{E23ED255-AFD2-43D2-9ADD-58DA9781C781}.Release|x64.Build.0 = Release|Any CPU
		{E23ED255-AFD2-43D2-9ADD-58DA9781C781}.Release|x86.ActiveCfg = Release|Any CPU
		{E23ED255-AFD2-43D2-9ADD-58DA9781C781}.Release|x86.Build.0 = Release|Any CPU
		{FBA7D9C1-D657-48DE-A899-335FE46B0129}.Debug|Any CPU.ActiveCfg = Debug|Any CPU
		{FBA7D9C1-D657-48DE-A899-335FE46B0129}.Debug|Any CPU.Build.0 = Debug|Any CPU
		{FBA7D9C1-D657-48DE-A899-335FE46B0129}.Debug|x64.ActiveCfg = Debug|Any CPU
		{FBA7D9C1-D657-48DE-A899-335FE46B0129}.Debug|x64.Build.0 = Debug|Any CPU
		{FBA7D9C1-D657-48DE-A899-335FE46B0129}.Debug|x86.ActiveCfg = Debug|Any CPU
		{FBA7D9C1-D657-48DE-A899-335FE46B0129}.Debug|x86.Build.0 = Debug|Any CPU
		{FBA7D9C1-D657-48DE-A899-335FE46B0129}.Release|Any CPU.ActiveCfg = Release|Any CPU
		{FBA7D9C1-D657-48DE-A899-335FE46B0129}.Release|Any CPU.Build.0 = Release|Any CPU
		{FBA7D9C1-D657-48DE-A899-335FE46B0129}.Release|x64.ActiveCfg = Release|Any CPU
		{FBA7D9C1-D657-48DE-A899-335FE46B0129}.Release|x64.Build.0 = Release|Any CPU
		{FBA7D9C1-D657-48DE-A899-335FE46B0129}.Release|x86.ActiveCfg = Release|Any CPU
		{FBA7D9C1-D657-48DE-A899-335FE46B0129}.Release|x86.Build.0 = Release|Any CPU
		{63640117-56C4-471F-9A12-1EA3D0574ECC}.Debug|Any CPU.ActiveCfg = Debug|Any CPU
		{63640117-56C4-471F-9A12-1EA3D0574ECC}.Debug|Any CPU.Build.0 = Debug|Any CPU
		{63640117-56C4-471F-9A12-1EA3D0574ECC}.Debug|x64.ActiveCfg = Debug|Any CPU
		{63640117-56C4-471F-9A12-1EA3D0574ECC}.Debug|x64.Build.0 = Debug|Any CPU
		{63640117-56C4-471F-9A12-1EA3D0574ECC}.Debug|x86.ActiveCfg = Debug|Any CPU
		{63640117-56C4-471F-9A12-1EA3D0574ECC}.Debug|x86.Build.0 = Debug|Any CPU
		{63640117-56C4-471F-9A12-1EA3D0574ECC}.Release|Any CPU.ActiveCfg = Release|Any CPU
		{63640117-56C4-471F-9A12-1EA3D0574ECC}.Release|Any CPU.Build.0 = Release|Any CPU
		{63640117-56C4-471F-9A12-1EA3D0574ECC}.Release|x64.ActiveCfg = Release|Any CPU
		{63640117-56C4-471F-9A12-1EA3D0574ECC}.Release|x64.Build.0 = Release|Any CPU
		{63640117-56C4-471F-9A12-1EA3D0574ECC}.Release|x86.ActiveCfg = Release|Any CPU
		{63640117-56C4-471F-9A12-1EA3D0574ECC}.Release|x86.Build.0 = Release|Any CPU
		{433AE22E-B5F2-44DD-8F96-3A7A3A21CCC3}.Debug|Any CPU.ActiveCfg = Debug|Any CPU
		{433AE22E-B5F2-44DD-8F96-3A7A3A21CCC3}.Debug|Any CPU.Build.0 = Debug|Any CPU
		{433AE22E-B5F2-44DD-8F96-3A7A3A21CCC3}.Debug|x64.ActiveCfg = Debug|Any CPU
		{433AE22E-B5F2-44DD-8F96-3A7A3A21CCC3}.Debug|x64.Build.0 = Debug|Any CPU
		{433AE22E-B5F2-44DD-8F96-3A7A3A21CCC3}.Debug|x86.ActiveCfg = Debug|Any CPU
		{433AE22E-B5F2-44DD-8F96-3A7A3A21CCC3}.Debug|x86.Build.0 = Debug|Any CPU
		{433AE22E-B5F2-44DD-8F96-3A7A3A21CCC3}.Release|Any CPU.ActiveCfg = Release|Any CPU
		{433AE22E-B5F2-44DD-8F96-3A7A3A21CCC3}.Release|Any CPU.Build.0 = Release|Any CPU
		{433AE22E-B5F2-44DD-8F96-3A7A3A21CCC3}.Release|x64.ActiveCfg = Release|Any CPU
		{433AE22E-B5F2-44DD-8F96-3A7A3A21CCC3}.Release|x64.Build.0 = Release|Any CPU
		{433AE22E-B5F2-44DD-8F96-3A7A3A21CCC3}.Release|x86.ActiveCfg = Release|Any CPU
		{433AE22E-B5F2-44DD-8F96-3A7A3A21CCC3}.Release|x86.Build.0 = Release|Any CPU
		{1F3587D6-2E29-4C24-8BBB-3647E81FFBCD}.Debug|Any CPU.ActiveCfg = Debug|Any CPU
		{1F3587D6-2E29-4C24-8BBB-3647E81FFBCD}.Debug|Any CPU.Build.0 = Debug|Any CPU
		{1F3587D6-2E29-4C24-8BBB-3647E81FFBCD}.Debug|x64.ActiveCfg = Debug|Any CPU
		{1F3587D6-2E29-4C24-8BBB-3647E81FFBCD}.Debug|x64.Build.0 = Debug|Any CPU
		{1F3587D6-2E29-4C24-8BBB-3647E81FFBCD}.Debug|x86.ActiveCfg = Debug|Any CPU
		{1F3587D6-2E29-4C24-8BBB-3647E81FFBCD}.Debug|x86.Build.0 = Debug|Any CPU
		{1F3587D6-2E29-4C24-8BBB-3647E81FFBCD}.Release|Any CPU.ActiveCfg = Release|Any CPU
		{1F3587D6-2E29-4C24-8BBB-3647E81FFBCD}.Release|Any CPU.Build.0 = Release|Any CPU
		{1F3587D6-2E29-4C24-8BBB-3647E81FFBCD}.Release|x64.ActiveCfg = Release|Any CPU
		{1F3587D6-2E29-4C24-8BBB-3647E81FFBCD}.Release|x64.Build.0 = Release|Any CPU
		{1F3587D6-2E29-4C24-8BBB-3647E81FFBCD}.Release|x86.ActiveCfg = Release|Any CPU
		{1F3587D6-2E29-4C24-8BBB-3647E81FFBCD}.Release|x86.Build.0 = Release|Any CPU
	EndGlobalSection
	GlobalSection(SolutionProperties) = preSolution
		HideSolutionNode = FALSE
	EndGlobalSection
EndGlobal
